// !$*UTF8*$!
{
	archiveVersion = 1;
	classes = {
	};
	objectVersion = 56;
	objects = {

/* Begin PBXBuildFile section */
		B2C398FD2CA145CB004800DD /* MarketPlaceApp.swift in Sources */ = {isa = PBXBuildFile; fileRef = B2C398FC2CA145CB004800DD /* MarketPlaceApp.swift */; };
		B2C398FF2CA145CB004800DD /* ContentView.swift in Sources */ = {isa = PBXBuildFile; fileRef = B2C398FE2CA145CB004800DD /* ContentView.swift */; };
		B2C399012CA145CC004800DD /* Assets.xcassets in Resources */ = {isa = PBXBuildFile; fileRef = B2C399002CA145CC004800DD /* Assets.xcassets */; };
		B2C399042CA145CC004800DD /* Preview Assets.xcassets in Resources */ = {isa = PBXBuildFile; fileRef = B2C399032CA145CC004800DD /* Preview Assets.xcassets */; };
		B2C3990E2CA145CC004800DD /* MarketPlaceTests.swift in Sources */ = {isa = PBXBuildFile; fileRef = B2C3990D2CA145CC004800DD /* MarketPlaceTests.swift */; };
		B2C399182CA145CC004800DD /* MarketPlaceUITests.swift in Sources */ = {isa = PBXBuildFile; fileRef = B2C399172CA145CC004800DD /* MarketPlaceUITests.swift */; };
		B2C3991A2CA145CC004800DD /* MarketPlaceUITestsLaunchTests.swift in Sources */ = {isa = PBXBuildFile; fileRef = B2C399192CA145CC004800DD /* MarketPlaceUITestsLaunchTests.swift */; };
		B2C3992A2CA14DCB004800DD /* MainView.swift in Sources */ = {isa = PBXBuildFile; fileRef = B2C399292CA14DCB004800DD /* MainView.swift */; };
		B2C3992D2CA1BF7F004800DD /* SelectCategory.swift in Sources */ = {isa = PBXBuildFile; fileRef = B2C3992C2CA1BF7F004800DD /* SelectCategory.swift */; };
/* End PBXBuildFile section */

/* Begin PBXContainerItemProxy section */
		B2C3990A2CA145CC004800DD /* PBXContainerItemProxy */ = {
			isa = PBXContainerItemProxy;
			containerPortal = B2C398F12CA145CB004800DD /* Project object */;
			proxyType = 1;
			remoteGlobalIDString = B2C398F82CA145CB004800DD;
			remoteInfo = MarketPlace;
		};
		B2C399142CA145CC004800DD /* PBXContainerItemProxy */ = {
			isa = PBXContainerItemProxy;
			containerPortal = B2C398F12CA145CB004800DD /* Project object */;
			proxyType = 1;
			remoteGlobalIDString = B2C398F82CA145CB004800DD;
			remoteInfo = MarketPlace;
		};
/* End PBXContainerItemProxy section */

/* Begin PBXFileReference section */
		B2C398F92CA145CB004800DD /* MarketPlace.app */ = {isa = PBXFileReference; explicitFileType = wrapper.application; includeInIndex = 0; path = MarketPlace.app; sourceTree = BUILT_PRODUCTS_DIR; };
		B2C398FC2CA145CB004800DD /* MarketPlaceApp.swift */ = {isa = PBXFileReference; lastKnownFileType = sourcecode.swift; path = MarketPlaceApp.swift; sourceTree = "<group>"; };
		B2C398FE2CA145CB004800DD /* ContentView.swift */ = {isa = PBXFileReference; lastKnownFileType = sourcecode.swift; path = ContentView.swift; sourceTree = "<group>"; };
		B2C399002CA145CC004800DD /* Assets.xcassets */ = {isa = PBXFileReference; lastKnownFileType = folder.assetcatalog; path = Assets.xcassets; sourceTree = "<group>"; };
		B2C399032CA145CC004800DD /* Preview Assets.xcassets */ = {isa = PBXFileReference; lastKnownFileType = folder.assetcatalog; path = "Preview Assets.xcassets"; sourceTree = "<group>"; };
		B2C399092CA145CC004800DD /* MarketPlaceTests.xctest */ = {isa = PBXFileReference; explicitFileType = wrapper.cfbundle; includeInIndex = 0; path = MarketPlaceTests.xctest; sourceTree = BUILT_PRODUCTS_DIR; };
		B2C3990D2CA145CC004800DD /* MarketPlaceTests.swift */ = {isa = PBXFileReference; lastKnownFileType = sourcecode.swift; path = MarketPlaceTests.swift; sourceTree = "<group>"; };
		B2C399132CA145CC004800DD /* MarketPlaceUITests.xctest */ = {isa = PBXFileReference; explicitFileType = wrapper.cfbundle; includeInIndex = 0; path = MarketPlaceUITests.xctest; sourceTree = BUILT_PRODUCTS_DIR; };
		B2C399172CA145CC004800DD /* MarketPlaceUITests.swift */ = {isa = PBXFileReference; lastKnownFileType = sourcecode.swift; path = MarketPlaceUITests.swift; sourceTree = "<group>"; };
		B2C399192CA145CC004800DD /* MarketPlaceUITestsLaunchTests.swift */ = {isa = PBXFileReference; lastKnownFileType = sourcecode.swift; path = MarketPlaceUITestsLaunchTests.swift; sourceTree = "<group>"; };
		B2C399292CA14DCB004800DD /* MainView.swift */ = {isa = PBXFileReference; lastKnownFileType = sourcecode.swift; path = MainView.swift; sourceTree = "<group>"; };
		B2C3992C2CA1BF7F004800DD /* SelectCategory.swift */ = {isa = PBXFileReference; lastKnownFileType = sourcecode.swift; path = SelectCategory.swift; sourceTree = "<group>"; };
/* End PBXFileReference section */

/* Begin PBXFrameworksBuildPhase section */
		B2C398F62CA145CB004800DD /* Frameworks */ = {
			isa = PBXFrameworksBuildPhase;
			buildActionMask = 2147483647;
			files = (
			);
			runOnlyForDeploymentPostprocessing = 0;
		};
		B2C399062CA145CC004800DD /* Frameworks */ = {
			isa = PBXFrameworksBuildPhase;
			buildActionMask = 2147483647;
			files = (
			);
			runOnlyForDeploymentPostprocessing = 0;
		};
		B2C399102CA145CC004800DD /* Frameworks */ = {
			isa = PBXFrameworksBuildPhase;
			buildActionMask = 2147483647;
			files = (
			);
			runOnlyForDeploymentPostprocessing = 0;
		};
/* End PBXFrameworksBuildPhase section */

/* Begin PBXGroup section */
		B2C398F02CA145CB004800DD = {
			isa = PBXGroup;
			children = (
				B2C398FB2CA145CB004800DD /* MarketPlace */,
				B2C3990C2CA145CC004800DD /* MarketPlaceTests */,
				B2C399162CA145CC004800DD /* MarketPlaceUITests */,
				B2C398FA2CA145CB004800DD /* Products */,
			);
			sourceTree = "<group>";
		};
		B2C398FA2CA145CB004800DD /* Products */ = {
			isa = PBXGroup;
			children = (
				B2C398F92CA145CB004800DD /* MarketPlace.app */,
				B2C399092CA145CC004800DD /* MarketPlaceTests.xctest */,
				B2C399132CA145CC004800DD /* MarketPlaceUITests.xctest */,
			);
			name = Products;
			sourceTree = "<group>";
		};
		B2C398FB2CA145CB004800DD /* MarketPlace */ = {
			isa = PBXGroup;
			children = (
				B2C3992B2CA1BF69004800DD /* UICommon */,
				B2C399282CA14D93004800DD /* Model */,
				B2C399262CA14D85004800DD /* ViewModel */,
				B2C399272CA14D8E004800DD /* View */,
				B2C398FC2CA145CB004800DD /* MarketPlaceApp.swift */,
				B2C398FE2CA145CB004800DD /* ContentView.swift */,
				B2C399002CA145CC004800DD /* Assets.xcassets */,
				B2C399022CA145CC004800DD /* Preview Content */,
			);
			path = MarketPlace;
			sourceTree = "<group>";
		};
		B2C399022CA145CC004800DD /* Preview Content */ = {
			isa = PBXGroup;
			children = (
				B2C399032CA145CC004800DD /* Preview Assets.xcassets */,
			);
			path = "Preview Content";
			sourceTree = "<group>";
		};
		B2C3990C2CA145CC004800DD /* MarketPlaceTests */ = {
			isa = PBXGroup;
			children = (
				B2C3990D2CA145CC004800DD /* MarketPlaceTests.swift */,
			);
			path = MarketPlaceTests;
			sourceTree = "<group>";
		};
		B2C399162CA145CC004800DD /* MarketPlaceUITests */ = {
			isa = PBXGroup;
			children = (
				B2C399172CA145CC004800DD /* MarketPlaceUITests.swift */,
				B2C399192CA145CC004800DD /* MarketPlaceUITestsLaunchTests.swift */,
			);
			path = MarketPlaceUITests;
			sourceTree = "<group>";
		};
		B2C399262CA14D85004800DD /* ViewModel */ = {
			isa = PBXGroup;
			children = (
			);
			path = ViewModel;
			sourceTree = "<group>";
		};
		B2C399272CA14D8E004800DD /* View */ = {
			isa = PBXGroup;
			children = (
				B2C399292CA14DCB004800DD /* MainView.swift */,
			);
			path = View;
			sourceTree = "<group>";
		};
		B2C399282CA14D93004800DD /* Model */ = {
			isa = PBXGroup;
			children = (
			);
			path = Model;
			sourceTree = "<group>";
		};
		B2C3992B2CA1BF69004800DD /* UICommon */ = {
			isa = PBXGroup;
			children = (
				B2C3992C2CA1BF7F004800DD /* SelectCategory.swift */,
			);
			path = UICommon;
			sourceTree = "<group>";
		};
/* End PBXGroup section */

/* Begin PBXNativeTarget section */
		B2C398F82CA145CB004800DD /* MarketPlace */ = {
			isa = PBXNativeTarget;
			buildConfigurationList = B2C3991D2CA145CC004800DD /* Build configuration list for PBXNativeTarget "MarketPlace" */;
			buildPhases = (
				B2C398F52CA145CB004800DD /* Sources */,
				B2C398F62CA145CB004800DD /* Frameworks */,
				B2C398F72CA145CB004800DD /* Resources */,
			);
			buildRules = (
			);
			dependencies = (
			);
			name = MarketPlace;
			productName = MarketPlace;
			productReference = B2C398F92CA145CB004800DD /* MarketPlace.app */;
			productType = "com.apple.product-type.application";
		};
		B2C399082CA145CC004800DD /* MarketPlaceTests */ = {
			isa = PBXNativeTarget;
			buildConfigurationList = B2C399202CA145CC004800DD /* Build configuration list for PBXNativeTarget "MarketPlaceTests" */;
			buildPhases = (
				B2C399052CA145CC004800DD /* Sources */,
				B2C399062CA145CC004800DD /* Frameworks */,
				B2C399072CA145CC004800DD /* Resources */,
			);
			buildRules = (
			);
			dependencies = (
				B2C3990B2CA145CC004800DD /* PBXTargetDependency */,
			);
			name = MarketPlaceTests;
			productName = MarketPlaceTests;
			productReference = B2C399092CA145CC004800DD /* MarketPlaceTests.xctest */;
			productType = "com.apple.product-type.bundle.unit-test";
		};
		B2C399122CA145CC004800DD /* MarketPlaceUITests */ = {
			isa = PBXNativeTarget;
			buildConfigurationList = B2C399232CA145CC004800DD /* Build configuration list for PBXNativeTarget "MarketPlaceUITests" */;
			buildPhases = (
				B2C3990F2CA145CC004800DD /* Sources */,
				B2C399102CA145CC004800DD /* Frameworks */,
				B2C399112CA145CC004800DD /* Resources */,
			);
			buildRules = (
			);
			dependencies = (
				B2C399152CA145CC004800DD /* PBXTargetDependency */,
			);
			name = MarketPlaceUITests;
			productName = MarketPlaceUITests;
			productReference = B2C399132CA145CC004800DD /* MarketPlaceUITests.xctest */;
			productType = "com.apple.product-type.bundle.ui-testing";
		};
/* End PBXNativeTarget section */

/* Begin PBXProject section */
		B2C398F12CA145CB004800DD /* Project object */ = {
			isa = PBXProject;
			attributes = {
				BuildIndependentTargetsInParallel = 1;
				LastSwiftUpdateCheck = 1540;
				LastUpgradeCheck = 1540;
				TargetAttributes = {
					B2C398F82CA145CB004800DD = {
						CreatedOnToolsVersion = 15.4;
					};
					B2C399082CA145CC004800DD = {
						CreatedOnToolsVersion = 15.4;
						TestTargetID = B2C398F82CA145CB004800DD;
					};
					B2C399122CA145CC004800DD = {
						CreatedOnToolsVersion = 15.4;
						TestTargetID = B2C398F82CA145CB004800DD;
					};
				};
			};
			buildConfigurationList = B2C398F42CA145CB004800DD /* Build configuration list for PBXProject "MarketPlace" */;
			compatibilityVersion = "Xcode 14.0";
			developmentRegion = en;
			hasScannedForEncodings = 0;
			knownRegions = (
				en,
				Base,
			);
			mainGroup = B2C398F02CA145CB004800DD;
			productRefGroup = B2C398FA2CA145CB004800DD /* Products */;
			projectDirPath = "";
			projectRoot = "";
			targets = (
				B2C398F82CA145CB004800DD /* MarketPlace */,
				B2C399082CA145CC004800DD /* MarketPlaceTests */,
				B2C399122CA145CC004800DD /* MarketPlaceUITests */,
			);
		};
/* End PBXProject section */

/* Begin PBXResourcesBuildPhase section */
		B2C398F72CA145CB004800DD /* Resources */ = {
			isa = PBXResourcesBuildPhase;
			buildActionMask = 2147483647;
			files = (
				B2C399042CA145CC004800DD /* Preview Assets.xcassets in Resources */,
				B2C399012CA145CC004800DD /* Assets.xcassets in Resources */,
			);
			runOnlyForDeploymentPostprocessing = 0;
		};
		B2C399072CA145CC004800DD /* Resources */ = {
			isa = PBXResourcesBuildPhase;
			buildActionMask = 2147483647;
			files = (
			);
			runOnlyForDeploymentPostprocessing = 0;
		};
		B2C399112CA145CC004800DD /* Resources */ = {
			isa = PBXResourcesBuildPhase;
			buildActionMask = 2147483647;
			files = (
			);
			runOnlyForDeploymentPostprocessing = 0;
		};
/* End PBXResourcesBuildPhase section */

/* Begin PBXSourcesBuildPhase section */
		B2C398F52CA145CB004800DD /* Sources */ = {
			isa = PBXSourcesBuildPhase;
			buildActionMask = 2147483647;
			files = (
				B2C3992A2CA14DCB004800DD /* MainView.swift in Sources */,
				B2C3992D2CA1BF7F004800DD /* SelectCategory.swift in Sources */,
				B2C398FF2CA145CB004800DD /* ContentView.swift in Sources */,
				B2C398FD2CA145CB004800DD /* MarketPlaceApp.swift in Sources */,
			);
			runOnlyForDeploymentPostprocessing = 0;
		};
		B2C399052CA145CC004800DD /* Sources */ = {
			isa = PBXSourcesBuildPhase;
			buildActionMask = 2147483647;
			files = (
				B2C3990E2CA145CC004800DD /* MarketPlaceTests.swift in Sources */,
			);
			runOnlyForDeploymentPostprocessing = 0;
		};
		B2C3990F2CA145CC004800DD /* Sources */ = {
			isa = PBXSourcesBuildPhase;
			buildActionMask = 2147483647;
			files = (
				B2C3991A2CA145CC004800DD /* MarketPlaceUITestsLaunchTests.swift in Sources */,
				B2C399182CA145CC004800DD /* MarketPlaceUITests.swift in Sources */,
			);
			runOnlyForDeploymentPostprocessing = 0;
		};
/* End PBXSourcesBuildPhase section */

/* Begin PBXTargetDependency section */
		B2C3990B2CA145CC004800DD /* PBXTargetDependency */ = {
			isa = PBXTargetDependency;
			target = B2C398F82CA145CB004800DD /* MarketPlace */;
			targetProxy = B2C3990A2CA145CC004800DD /* PBXContainerItemProxy */;
		};
		B2C399152CA145CC004800DD /* PBXTargetDependency */ = {
			isa = PBXTargetDependency;
			target = B2C398F82CA145CB004800DD /* MarketPlace */;
			targetProxy = B2C399142CA145CC004800DD /* PBXContainerItemProxy */;
		};
/* End PBXTargetDependency section */

/* Begin XCBuildConfiguration section */
		B2C3991B2CA145CC004800DD /* Debug */ = {
			isa = XCBuildConfiguration;
			buildSettings = {
				ALWAYS_SEARCH_USER_PATHS = NO;
				ASSETCATALOG_COMPILER_GENERATE_SWIFT_ASSET_SYMBOL_EXTENSIONS = YES;
				CLANG_ANALYZER_NONNULL = YES;
				CLANG_ANALYZER_NUMBER_OBJECT_CONVERSION = YES_AGGRESSIVE;
				CLANG_CXX_LANGUAGE_STANDARD = "gnu++20";
				CLANG_ENABLE_MODULES = YES;
				CLANG_ENABLE_OBJC_ARC = YES;
				CLANG_ENABLE_OBJC_WEAK = YES;
				CLANG_WARN_BLOCK_CAPTURE_AUTORELEASING = YES;
				CLANG_WARN_BOOL_CONVERSION = YES;
				CLANG_WARN_COMMA = YES;
				CLANG_WARN_CONSTANT_CONVERSION = YES;
				CLANG_WARN_DEPRECATED_OBJC_IMPLEMENTATIONS = YES;
				CLANG_WARN_DIRECT_OBJC_ISA_USAGE = YES_ERROR;
				CLANG_WARN_DOCUMENTATION_COMMENTS = YES;
				CLANG_WARN_EMPTY_BODY = YES;
				CLANG_WARN_ENUM_CONVERSION = YES;
				CLANG_WARN_INFINITE_RECURSION = YES;
				CLANG_WARN_INT_CONVERSION = YES;
				CLANG_WARN_NON_LITERAL_NULL_CONVERSION = YES;
				CLANG_WARN_OBJC_IMPLICIT_RETAIN_SELF = YES;
				CLANG_WARN_OBJC_LITERAL_CONVERSION = YES;
				CLANG_WARN_OBJC_ROOT_CLASS = YES_ERROR;
				CLANG_WARN_QUOTED_INCLUDE_IN_FRAMEWORK_HEADER = YES;
				CLANG_WARN_RANGE_LOOP_ANALYSIS = YES;
				CLANG_WARN_STRICT_PROTOTYPES = YES;
				CLANG_WARN_SUSPICIOUS_MOVE = YES;
				CLANG_WARN_UNGUARDED_AVAILABILITY = YES_AGGRESSIVE;
				CLANG_WARN_UNREACHABLE_CODE = YES;
				CLANG_WARN__DUPLICATE_METHOD_MATCH = YES;
				COPY_PHASE_STRIP = NO;
				DEBUG_INFORMATION_FORMAT = dwarf;
				ENABLE_STRICT_OBJC_MSGSEND = YES;
				ENABLE_TESTABILITY = YES;
				ENABLE_USER_SCRIPT_SANDBOXING = YES;
				GCC_C_LANGUAGE_STANDARD = gnu17;
				GCC_DYNAMIC_NO_PIC = NO;
				GCC_NO_COMMON_BLOCKS = YES;
				GCC_OPTIMIZATION_LEVEL = 0;
				GCC_PREPROCESSOR_DEFINITIONS = (
					"DEBUG=1",
					"$(inherited)",
				);
				GCC_WARN_64_TO_32_BIT_CONVERSION = YES;
				GCC_WARN_ABOUT_RETURN_TYPE = YES_ERROR;
				GCC_WARN_UNDECLARED_SELECTOR = YES;
				GCC_WARN_UNINITIALIZED_AUTOS = YES_AGGRESSIVE;
				GCC_WARN_UNUSED_FUNCTION = YES;
				GCC_WARN_UNUSED_VARIABLE = YES;
				IPHONEOS_DEPLOYMENT_TARGET = 17.5;
				LOCALIZATION_PREFERS_STRING_CATALOGS = YES;
				MTL_ENABLE_DEBUG_INFO = INCLUDE_SOURCE;
				MTL_FAST_MATH = YES;
				ONLY_ACTIVE_ARCH = YES;
				SDKROOT = iphoneos;
				SWIFT_ACTIVE_COMPILATION_CONDITIONS = "DEBUG $(inherited)";
				SWIFT_OPTIMIZATION_LEVEL = "-Onone";
			};
			name = Debug;
		};
		B2C3991C2CA145CC004800DD /* Release */ = {
			isa = XCBuildConfiguration;
			buildSettings = {
				ALWAYS_SEARCH_USER_PATHS = NO;
				ASSETCATALOG_COMPILER_GENERATE_SWIFT_ASSET_SYMBOL_EXTENSIONS = YES;
				CLANG_ANALYZER_NONNULL = YES;
				CLANG_ANALYZER_NUMBER_OBJECT_CONVERSION = YES_AGGRESSIVE;
				CLANG_CXX_LANGUAGE_STANDARD = "gnu++20";
				CLANG_ENABLE_MODULES = YES;
				CLANG_ENABLE_OBJC_ARC = YES;
				CLANG_ENABLE_OBJC_WEAK = YES;
				CLANG_WARN_BLOCK_CAPTURE_AUTORELEASING = YES;
				CLANG_WARN_BOOL_CONVERSION = YES;
				CLANG_WARN_COMMA = YES;
				CLANG_WARN_CONSTANT_CONVERSION = YES;
				CLANG_WARN_DEPRECATED_OBJC_IMPLEMENTATIONS = YES;
				CLANG_WARN_DIRECT_OBJC_ISA_USAGE = YES_ERROR;
				CLANG_WARN_DOCUMENTATION_COMMENTS = YES;
				CLANG_WARN_EMPTY_BODY = YES;
				CLANG_WARN_ENUM_CONVERSION = YES;
				CLANG_WARN_INFINITE_RECURSION = YES;
				CLANG_WARN_INT_CONVERSION = YES;
				CLANG_WARN_NON_LITERAL_NULL_CONVERSION = YES;
				CLANG_WARN_OBJC_IMPLICIT_RETAIN_SELF = YES;
				CLANG_WARN_OBJC_LITERAL_CONVERSION = YES;
				CLANG_WARN_OBJC_ROOT_CLASS = YES_ERROR;
				CLANG_WARN_QUOTED_INCLUDE_IN_FRAMEWORK_HEADER = YES;
				CLANG_WARN_RANGE_LOOP_ANALYSIS = YES;
				CLANG_WARN_STRICT_PROTOTYPES = YES;
				CLANG_WARN_SUSPICIOUS_MOVE = YES;
				CLANG_WARN_UNGUARDED_AVAILABILITY = YES_AGGRESSIVE;
				CLANG_WARN_UNREACHABLE_CODE = YES;
				CLANG_WARN__DUPLICATE_METHOD_MATCH = YES;
				COPY_PHASE_STRIP = NO;
				DEBUG_INFORMATION_FORMAT = "dwarf-with-dsym";
				ENABLE_NS_ASSERTIONS = NO;
				ENABLE_STRICT_OBJC_MSGSEND = YES;
				ENABLE_USER_SCRIPT_SANDBOXING = YES;
				GCC_C_LANGUAGE_STANDARD = gnu17;
				GCC_NO_COMMON_BLOCKS = YES;
				GCC_WARN_64_TO_32_BIT_CONVERSION = YES;
				GCC_WARN_ABOUT_RETURN_TYPE = YES_ERROR;
				GCC_WARN_UNDECLARED_SELECTOR = YES;
				GCC_WARN_UNINITIALIZED_AUTOS = YES_AGGRESSIVE;
				GCC_WARN_UNUSED_FUNCTION = YES;
				GCC_WARN_UNUSED_VARIABLE = YES;
				IPHONEOS_DEPLOYMENT_TARGET = 17.5;
				LOCALIZATION_PREFERS_STRING_CATALOGS = YES;
				MTL_ENABLE_DEBUG_INFO = NO;
				MTL_FAST_MATH = YES;
				SDKROOT = iphoneos;
				SWIFT_COMPILATION_MODE = wholemodule;
				VALIDATE_PRODUCT = YES;
			};
			name = Release;
		};
		B2C3991E2CA145CC004800DD /* Debug */ = {
			isa = XCBuildConfiguration;
			buildSettings = {
				ASSETCATALOG_COMPILER_APPICON_NAME = AppIcon;
				ASSETCATALOG_COMPILER_GLOBAL_ACCENT_COLOR_NAME = AccentColor;
				CODE_SIGN_STYLE = Automatic;
				CURRENT_PROJECT_VERSION = 1;
				DEVELOPMENT_ASSET_PATHS = "\"MarketPlace/Preview Content\"";
				DEVELOPMENT_TEAM = 7RR74CRWQW;
				ENABLE_PREVIEWS = YES;
				GENERATE_INFOPLIST_FILE = YES;
				INFOPLIST_KEY_UIApplicationSceneManifest_Generation = YES;
				INFOPLIST_KEY_UIApplicationSupportsIndirectInputEvents = YES;
				INFOPLIST_KEY_UILaunchScreen_Generation = YES;
				INFOPLIST_KEY_UISupportedInterfaceOrientations_iPad = "UIInterfaceOrientationPortrait UIInterfaceOrientationPortraitUpsideDown UIInterfaceOrientationLandscapeLeft UIInterfaceOrientationLandscapeRight";
				INFOPLIST_KEY_UISupportedInterfaceOrientations_iPhone = "UIInterfaceOrientationPortrait UIInterfaceOrientationLandscapeLeft UIInterfaceOrientationLandscapeRight";
				LD_RUNPATH_SEARCH_PATHS = (
					"$(inherited)",
					"@executable_path/Frameworks",
				);
				MARKETING_VERSION = 1.0;
				PRODUCT_BUNDLE_IDENTIFIER = "appcenter-IOS.MarketPlace";
				PRODUCT_NAME = "$(TARGET_NAME)";
				SWIFT_EMIT_LOC_STRINGS = YES;
				SWIFT_VERSION = 5.0;
				TARGETED_DEVICE_FAMILY = "1,2";
			};
			name = Debug;
		};
		B2C3991F2CA145CC004800DD /* Release */ = {
			isa = XCBuildConfiguration;
			buildSettings = {
				ASSETCATALOG_COMPILER_APPICON_NAME = AppIcon;
				ASSETCATALOG_COMPILER_GLOBAL_ACCENT_COLOR_NAME = AccentColor;
				CODE_SIGN_STYLE = Automatic;
				CURRENT_PROJECT_VERSION = 1;
				DEVELOPMENT_ASSET_PATHS = "\"MarketPlace/Preview Content\"";
				DEVELOPMENT_TEAM = 7RR74CRWQW;
				ENABLE_PREVIEWS = YES;
				GENERATE_INFOPLIST_FILE = YES;
				INFOPLIST_KEY_UIApplicationSceneManifest_Generation = YES;
				INFOPLIST_KEY_UIApplicationSupportsIndirectInputEvents = YES;
				INFOPLIST_KEY_UILaunchScreen_Generation = YES;
				INFOPLIST_KEY_UISupportedInterfaceOrientations_iPad = "UIInterfaceOrientationPortrait UIInterfaceOrientationPortraitUpsideDown UIInterfaceOrientationLandscapeLeft UIInterfaceOrientationLandscapeRight";
				INFOPLIST_KEY_UISupportedInterfaceOrientations_iPhone = "UIInterfaceOrientationPortrait UIInterfaceOrientationLandscapeLeft UIInterfaceOrientationLandscapeRight";
				LD_RUNPATH_SEARCH_PATHS = (
					"$(inherited)",
					"@executable_path/Frameworks",
				);
				MARKETING_VERSION = 1.0;
				PRODUCT_BUNDLE_IDENTIFIER = "appcenter-IOS.MarketPlace";
				PRODUCT_NAME = "$(TARGET_NAME)";
				SWIFT_EMIT_LOC_STRINGS = YES;
				SWIFT_VERSION = 5.0;
				TARGETED_DEVICE_FAMILY = "1,2";
			};
			name = Release;
		};
		B2C399212CA145CC004800DD /* Debug */ = {
			isa = XCBuildConfiguration;
			buildSettings = {
				ALWAYS_EMBED_SWIFT_STANDARD_LIBRARIES = YES;
				BUNDLE_LOADER = "$(TEST_HOST)";
				CODE_SIGN_STYLE = Automatic;
				CURRENT_PROJECT_VERSION = 1;
				DEVELOPMENT_TEAM = 7RR74CRWQW;
				GENERATE_INFOPLIST_FILE = YES;
				IPHONEOS_DEPLOYMENT_TARGET = 17.5;
				MARKETING_VERSION = 1.0;
				PRODUCT_BUNDLE_IDENTIFIER = "appcenter-IOS.MarketPlaceTests";
				PRODUCT_NAME = "$(TARGET_NAME)";
				SWIFT_EMIT_LOC_STRINGS = NO;
				SWIFT_VERSION = 5.0;
				TARGETED_DEVICE_FAMILY = "1,2";
				TEST_HOST = "$(BUILT_PRODUCTS_DIR)/MarketPlace.app/$(BUNDLE_EXECUTABLE_FOLDER_PATH)/MarketPlace";
			};
			name = Debug;
		};
		B2C399222CA145CC004800DD /* Release */ = {
			isa = XCBuildConfiguration;
			buildSettings = {
				ALWAYS_EMBED_SWIFT_STANDARD_LIBRARIES = YES;
				BUNDLE_LOADER = "$(TEST_HOST)";
				CODE_SIGN_STYLE = Automatic;
				CURRENT_PROJECT_VERSION = 1;
				DEVELOPMENT_TEAM = 7RR74CRWQW;
				GENERATE_INFOPLIST_FILE = YES;
				IPHONEOS_DEPLOYMENT_TARGET = 17.5;
				MARKETING_VERSION = 1.0;
				PRODUCT_BUNDLE_IDENTIFIER = "appcenter-IOS.MarketPlaceTests";
				PRODUCT_NAME = "$(TARGET_NAME)";
				SWIFT_EMIT_LOC_STRINGS = NO;
				SWIFT_VERSION = 5.0;
				TARGETED_DEVICE_FAMILY = "1,2";
				TEST_HOST = "$(BUILT_PRODUCTS_DIR)/MarketPlace.app/$(BUNDLE_EXECUTABLE_FOLDER_PATH)/MarketPlace";
			};
			name = Release;
		};
		B2C399242CA145CC004800DD /* Debug */ = {
			isa = XCBuildConfiguration;
			buildSettings = {
				ALWAYS_EMBED_SWIFT_STANDARD_LIBRARIES = YES;
				CODE_SIGN_STYLE = Automatic;
				CURRENT_PROJECT_VERSION = 1;
				DEVELOPMENT_TEAM = 7RR74CRWQW;
				GENERATE_INFOPLIST_FILE = YES;
				MARKETING_VERSION = 1.0;
				PRODUCT_BUNDLE_IDENTIFIER = "appcenter-IOS.MarketPlaceUITests";
				PRODUCT_NAME = "$(TARGET_NAME)";
				SWIFT_EMIT_LOC_STRINGS = NO;
				SWIFT_VERSION = 5.0;
				TARGETED_DEVICE_FAMILY = "1,2";
				TEST_TARGET_NAME = MarketPlace;
			};
			name = Debug;
		};
		B2C399252CA145CC004800DD /* Release */ = {
			isa = XCBuildConfiguration;
			buildSettings = {
				ALWAYS_EMBED_SWIFT_STANDARD_LIBRARIES = YES;
				CODE_SIGN_STYLE = Automatic;
				CURRENT_PROJECT_VERSION = 1;
				DEVELOPMENT_TEAM = 7RR74CRWQW;
				GENERATE_INFOPLIST_FILE = YES;
				MARKETING_VERSION = 1.0;
				PRODUCT_BUNDLE_IDENTIFIER = "appcenter-IOS.MarketPlaceUITests";
				PRODUCT_NAME = "$(TARGET_NAME)";
				SWIFT_EMIT_LOC_STRINGS = NO;
				SWIFT_VERSION = 5.0;
				TARGETED_DEVICE_FAMILY = "1,2";
				TEST_TARGET_NAME = MarketPlace;
			};
			name = Release;
		};
/* End XCBuildConfiguration section */

/* Begin XCConfigurationList section */
		B2C398F42CA145CB004800DD /* Build configuration list for PBXProject "MarketPlace" */ = {
			isa = XCConfigurationList;
			buildConfigurations = (
				B2C3991B2CA145CC004800DD /* Debug */,
				B2C3991C2CA145CC004800DD /* Release */,
			);
			defaultConfigurationIsVisible = 0;
			defaultConfigurationName = Release;
		};
		B2C3991D2CA145CC004800DD /* Build configuration list for PBXNativeTarget "MarketPlace" */ = {
			isa = XCConfigurationList;
			buildConfigurations = (
				B2C3991E2CA145CC004800DD /* Debug */,
				B2C3991F2CA145CC004800DD /* Release */,
			);
			defaultConfigurationIsVisible = 0;
			defaultConfigurationName = Release;
		};
		B2C399202CA145CC004800DD /* Build configuration list for PBXNativeTarget "MarketPlaceTests" */ = {
			isa = XCConfigurationList;
			buildConfigurations = (
				B2C399212CA145CC004800DD /* Debug */,
				B2C399222CA145CC004800DD /* Release */,
			);
			defaultConfigurationIsVisible = 0;
			defaultConfigurationName = Release;
		};
		B2C399232CA145CC004800DD /* Build configuration list for PBXNativeTarget "MarketPlaceUITests" */ = {
			isa = XCConfigurationList;
			buildConfigurations = (
				B2C399242CA145CC004800DD /* Debug */,
				B2C399252CA145CC004800DD /* Release */,
			);
			defaultConfigurationIsVisible = 0;
			defaultConfigurationName = Release;
		};
/* End XCConfigurationList section */
	};
	rootObject = B2C398F12CA145CB004800DD /* Project object */;
}
